
Microsoft Visual Studio Solution File, Format Version 12.00
# Visual Studio Version 17
VisualStudioVersion = 17.0.31903.59
MinimumVisualStudioVersion = 10.0.40219.1
Project("{9A19103F-16F7-4668-BE54-9A1E7A4F7556}") = "MS_Payment", "ms_payment\MS_Payment.csproj", "{67A28978-128D-4C20-9A9D-4209C7D5517B}"
EndProject
Project("{9A19103F-16F7-4668-BE54-9A1E7A4F7556}") = "MS_Messenger", "MS_Messenger\MS_Messenger.csproj", "{EA391EDB-5E00-47BF-9FA2-829EB0C9741C}"
EndProject
Project("{FAE04EC0-301F-11D3-BF4B-00C04F79EFBC}") = "MS_Messenger.Worker", "MS_Messenger.Worker\MS_Messenger.Worker.csproj", "{A3D51DC8-0238-4ABE-9EE0-4AFAF2A72E73}"
EndProject
Global
	GlobalSection(SolutionConfigurationPlatforms) = preSolution
		Debug|Any CPU = Debug|Any CPU
		Release|Any CPU = Release|Any CPU
	EndGlobalSection
	GlobalSection(ProjectConfigurationPlatforms) = postSolution
		{67A28978-128D-4C20-9A9D-4209C7D5517B}.Debug|Any CPU.ActiveCfg = Debug|Any CPU
		{67A28978-128D-4C20-9A9D-4209C7D5517B}.Debug|Any CPU.Build.0 = Debug|Any CPU
		{67A28978-128D-4C20-9A9D-4209C7D5517B}.Release|Any CPU.ActiveCfg = Release|Any CPU
		{67A28978-128D-4C20-9A9D-4209C7D5517B}.Release|Any CPU.Build.0 = Release|Any CPU
		{EA391EDB-5E00-47BF-9FA2-829EB0C9741C}.Debug|Any CPU.ActiveCfg = Debug|Any CPU
		{EA391EDB-5E00-47BF-9FA2-829EB0C9741C}.Debug|Any CPU.Build.0 = Debug|Any CPU
		{EA391EDB-5E00-47BF-9FA2-829EB0C9741C}.Release|Any CPU.ActiveCfg = Release|Any CPU
		{EA391EDB-5E00-47BF-9FA2-829EB0C9741C}.Release|Any CPU.Build.0 = Release|Any CPU
		{A3D51DC8-0238-4ABE-9EE0-4AFAF2A72E73}.Debug|Any CPU.ActiveCfg = Debug|Any CPU
		{A3D51DC8-0238-4ABE-9EE0-4AFAF2A72E73}.Debug|Any CPU.Build.0 = Debug|Any CPU
		{A3D51DC8-0238-4ABE-9EE0-4AFAF2A72E73}.Release|Any CPU.ActiveCfg = Release|Any CPU
		{A3D51DC8-0238-4ABE-9EE0-4AFAF2A72E73}.Release|Any CPU.Build.0 = Release|Any CPU
	EndGlobalSection
	GlobalSection(SolutionProperties) = preSolution
		HideSolutionNode = FALSE
	EndGlobalSection
	GlobalSection(ExtensibilityGlobals) = postSolution
		SolutionGuid = {00B1467C-D292-46F7-9065-6AAF53F66E16}
	EndGlobalSection
EndGlobal
